
Microsoft Visual Studio Solution File, Format Version 12.00
# Visual Studio Version 17
VisualStudioVersion = 17.6.33815.320
MinimumVisualStudioVersion = 10.0.40219.1
Project("{FAE04EC0-301F-11D3-BF4B-00C04F79EFBC}") = "LineComparsion", "LineComparsion.csproj", "{7A61D059-1E3D-427D-A068-093F68931A97}"
EndProject
Global
	GlobalSection(SolutionConfigurationPlatforms) = preSolution
		Debug|Any CPU = Debug|Any CPU
		Release|Any CPU = Release|Any CPU
	EndGlobalSection
	GlobalSection(ProjectConfigurationPlatforms) = postSolution
		{7A61D059-1E3D-427D-A068-093F68931A97}.Debug|Any CPU.ActiveCfg = Debug|Any CPU
		{7A61D059-1E3D-427D-A068-093F68931A97}.Debug|Any CPU.Build.0 = Debug|Any CPU
		{7A61D059-1E3D-427D-A068-093F68931A97}.Release|Any CPU.ActiveCfg = Release|Any CPU
		{7A61D059-1E3D-427D-A068-093F68931A97}.Release|Any CPU.Build.0 = Release|Any CPU
	EndGlobalSection
	GlobalSection(SolutionProperties) = preSolution
		HideSolutionNode = FALSE
	EndGlobalSection
	GlobalSection(ExtensibilityGlobals) = postSolution
		SolutionGuid = {E3228DAB-3B64-4E62-9145-865A0F9DC563}
	EndGlobalSection
EndGlobal
